<?xml version="1.0" encoding="utf-8"?>
<Project ToolsVersion="4.0" xmlns="http://schemas.microsoft.com/developer/msbuild/2003">
  <ItemGroup>
    <Filter Include="Source Files">
      <UniqueIdentifier>{4FC737F1-C7A5-4376-A066-2A32D752A2FF}</UniqueIdentifier>
      <Extensions>cpp;c;cc;cxx;def;odl;idl;hpj;bat;asm;asmx</Extensions>
    </Filter>
    <Filter Include="Header Files">
      <UniqueIdentifier>{93995380-89BD-4b04-88EB-625FBE52EBFB}</UniqueIdentifier>
      <Extensions>h;hh;hpp;hxx;hm;inl;inc;xsd</Extensions>
    </Filter>
    <Filter Include="Done">
      <UniqueIdentifier>{1c3dd625-762b-413d-afc3-8c996ae3de77}</UniqueIdentifier>
    </Filter>
  </ItemGroup>
  <ItemGroup>
    <ClInclude Include="stdafx.h">
      <Filter>Header Files</Filter>
    </ClInclude>
    <ClInclude Include="targetver.h">
      <Filter>Header Files</Filter>
    </ClInclude>
    <ClInclude Include="CodingBlocks.h">
      <Filter>Header Files</Filter>
    </ClInclude>
  </ItemGroup>
  <ItemGroup>
    <ClCompile Include="BubbleSort.cpp">
      <Filter>Source Files</Filter>
    </ClCompile>
    <ClCompile Include="Dec7_MergeSort.cpp">
      <Filter>Source Files</Filter>
    </ClCompile>
    <ClCompile Include="Dec7_BackTrack_NQueen.cpp">
      <Filter>Source Files</Filter>
    </ClCompile>
    <ClCompile Include="TowersOfHanoi.cpp">
      <Filter>Done</Filter>
    </ClCompile>
    <ClCompile Include="CodingBlocks.cpp">
      <Filter>Done</Filter>
    </ClCompile>
    <ClCompile Include="Helpers.cpp">
      <Filter>Done</Filter>
    </ClCompile>
    <ClCompile Include="stdafx.cpp">
      <Filter>Done</Filter>
    </ClCompile>
    <ClCompile Include="Dec11_Sudoku.cpp">
      <Filter>Source Files</Filter>
    </ClCompile>
    <ClCompile Include="BackTrack_StringPermutations.cpp">
      <Filter>Source Files</Filter>
    </ClCompile>
    <ClCompile Include="Dec11_BS_Sqrt.cpp">
      <Filter>Source Files</Filter>
    </ClCompile>
    <ClCompile Include="Dec11_FindFirstOccurenceUsingBinarySearch.cpp">
      <Filter>Source Files</Filter>
    </ClCompile>
    <ClCompile Include="Dec13_NFactorial.cpp">
      <Filter>Source Files</Filter>
    </ClCompile>
    <ClCompile Include="Dec13_Vectors.cpp">
      <Filter>Source Files</Filter>
    </ClCompile>
    <ClCompile Include="Dec13_BusyMan.cpp">
      <Filter>Source Files</Filter>
    </ClCompile>
    <ClCompile Include="Dec13_SpiralPrint.cpp">
      <Filter>Source Files</Filter>
    </ClCompile>
    <ClCompile Include="PhonePad.cpp">
      <Filter>Done</Filter>
    </ClCompile>
    <ClCompile Include="SameDayBirthdayPplCount.cpp">
      <Filter>Done</Filter>
    </ClCompile>
    <ClCompile Include="ReplacePi.cpp">
      <Filter>Done</Filter>
    </ClCompile>
    <ClCompile Include="Dec15_DP_CellMitosis.cpp">
      <Filter>Source Files</Filter>
    </ClCompile>
    <ClCompile Include="GermanLotto.cpp">
      <Filter>Source Files</Filter>
    </ClCompile>
    <ClCompile Include="Dec15_BiggestTempleSite.cpp">
      <Filter>Done</Filter>
    </ClCompile>
    <ClCompile Include="Dec15_CoinChange.cpp">
      <Filter>Done</Filter>
    </ClCompile>
    <ClCompile Include="MinimizeTowerHeightDifferences.cpp">
      <Filter>Source Files</Filter>
    </ClCompile>
    <ClCompile Include="CheckSumString.cpp">
      <Filter>Source Files</Filter>
    </ClCompile>
    <ClCompile Include="PlatesMinimumTrials.cpp">
      <Filter>Source Files</Filter>
    </ClCompile>
    <ClCompile Include="Dec25_Tree.cpp">
      <Filter>Source Files</Filter>
    </ClCompile>
    <ClCompile Include="Heap.cpp">
      <Filter>Source Files</Filter>
    </ClCompile>
    <ClCompile Include="Graphs.cpp">
      <Filter>Source Files</Filter>
    </ClCompile>
    <ClCompile Include="WeightedGraph.cpp">
      <Filter>Source Files</Filter>
    </ClCompile>
    <ClCompile Include="StringAllSubsequences.cpp">
      <Filter>Source Files</Filter>
    </ClCompile>
  </ItemGroup>
</Project>