
Microsoft Visual Studio Solution File, Format Version 12.00
# Visual Studio 15
VisualStudioVersion = 15.0.27130.0
MinimumVisualStudioVersion = 10.0.40219.1
Project("{FAE04EC0-301F-11D3-BF4B-00C04F79EFBC}") = "CodingBlocksManaged", "CodingBlocksManaged\CodingBlocksManaged.csproj", "{CC88957A-4D08-4CC6-AB84-62B7AB39725F}"
EndProject
Global
	GlobalSection(SolutionConfigurationPlatforms) = preSolution
		Debug|Any CPU = Debug|Any CPU
		Release|Any CPU = Release|Any CPU
	EndGlobalSection
	GlobalSection(ProjectConfigurationPlatforms) = postSolution
		{CC88957A-4D08-4CC6-AB84-62B7AB39725F}.Debug|Any CPU.ActiveCfg = Debug|Any CPU
		{CC88957A-4D08-4CC6-AB84-62B7AB39725F}.Debug|Any CPU.Build.0 = Debug|Any CPU
		{CC88957A-4D08-4CC6-AB84-62B7AB39725F}.Release|Any CPU.ActiveCfg = Release|Any CPU
		{CC88957A-4D08-4CC6-AB84-62B7AB39725F}.Release|Any CPU.Build.0 = Release|Any CPU
	EndGlobalSection
	GlobalSection(SolutionProperties) = preSolution
		HideSolutionNode = FALSE
	EndGlobalSection
	GlobalSection(ExtensibilityGlobals) = postSolution
		SolutionGuid = {03156629-9BB1-4D7B-A0C8-F13E8FADBF0E}
	EndGlobalSection
EndGlobal
